
Microsoft Visual Studio Solution File, Format Version 12.00
# Visual Studio Version 16
VisualStudioVersion = 16.0.30413.136
MinimumVisualStudioVersion = 10.0.40219.1
Project("{FAE04EC0-301F-11D3-BF4B-00C04F79EFBC}") = "Storage", "Storage\Storage.csproj", "{7E0A7DBC-0054-4B3F-B62E-51ABBFC87E3B}"
EndProject
Global
	GlobalSection(SolutionConfigurationPlatforms) = preSolution
		Debug|Any CPU = Debug|Any CPU
		Release|Any CPU = Release|Any CPU
	EndGlobalSection
	GlobalSection(ProjectConfigurationPlatforms) = postSolution
		{7E0A7DBC-0054-4B3F-B62E-51ABBFC87E3B}.Debug|Any CPU.ActiveCfg = Debug|Any CPU
		{7E0A7DBC-0054-4B3F-B62E-51ABBFC87E3B}.Debug|Any CPU.Build.0 = Debug|Any CPU
		{7E0A7DBC-0054-4B3F-B62E-51ABBFC87E3B}.Release|Any CPU.ActiveCfg = Release|Any CPU
		{7E0A7DBC-0054-4B3F-B62E-51ABBFC87E3B}.Release|Any CPU.Build.0 = Release|Any CPU
	EndGlobalSection
	GlobalSection(SolutionProperties) = preSolution
		HideSolutionNode = FALSE
	EndGlobalSection
	GlobalSection(ExtensibilityGlobals) = postSolution
		SolutionGuid = {043E30D4-B152-4B0A-9640-983EEFBB36F4}
	EndGlobalSection
EndGlobal
